// !$*UTF8*$!
{
	archiveVersion = 1;
	classes = {
	};
	objectVersion = 46;
	objects = {

/* Begin PBXBuildFile section */
		041B21DB1B6BD4AA00C35FAC /* AppDelegate.swift in Sources */ = {isa = PBXBuildFile; fileRef = 041B21DA1B6BD4AA00C35FAC /* AppDelegate.swift */; };
		041B21DD1B6BD4AA00C35FAC /* StartViewController.swift in Sources */ = {isa = PBXBuildFile; fileRef = 041B21DC1B6BD4AA00C35FAC /* StartViewController.swift */; };
		041B21E01B6BD4AA00C35FAC /* Main.storyboard in Resources */ = {isa = PBXBuildFile; fileRef = 041B21DE1B6BD4AA00C35FAC /* Main.storyboard */; };
		041B21E21B6BD4AA00C35FAC /* Images.xcassets in Resources */ = {isa = PBXBuildFile; fileRef = 041B21E11B6BD4AA00C35FAC /* Images.xcassets */; };
		041B21E51B6BD4AA00C35FAC /* LaunchScreen.xib in Resources */ = {isa = PBXBuildFile; fileRef = 041B21E31B6BD4AA00C35FAC /* LaunchScreen.xib */; };
		041B21F11B6BD4AA00C35FAC /* RockPaperScissorsTests.swift in Sources */ = {isa = PBXBuildFile; fileRef = 041B21F01B6BD4AA00C35FAC /* RockPaperScissorsTests.swift */; };
		041B21FB1B6DA84200C35FAC /* ResultsViewController.swift in Sources */ = {isa = PBXBuildFile; fileRef = 041B21FA1B6DA84200C35FAC /* ResultsViewController.swift */; };
		04FB8B931B77F3A8002D9A7C /* ResultsListViewController.swift in Sources */ = {isa = PBXBuildFile; fileRef = 04FB8B921B77F3A8002D9A7C /* ResultsListViewController.swift */; };
		04FB8B951B77F593002D9A7C /* ResultsTableViewCell.swift in Sources */ = {isa = PBXBuildFile; fileRef = 04FB8B941B77F593002D9A7C /* ResultsTableViewCell.swift */; };
/* End PBXBuildFile section */

/* Begin PBXContainerItemProxy section */
		041B21EB1B6BD4AA00C35FAC /* PBXContainerItemProxy */ = {
			isa = PBXContainerItemProxy;
			containerPortal = 041B21CD1B6BD4AA00C35FAC /* Project object */;
			proxyType = 1;
			remoteGlobalIDString = 041B21D41B6BD4AA00C35FAC;
			remoteInfo = RockPaperScissors;
		};
/* End PBXContainerItemProxy section */

/* Begin PBXFileReference section */
		041B21D51B6BD4AA00C35FAC /* RockPaperScissors.app */ = {isa = PBXFileReference; explicitFileType = wrapper.application; includeInIndex = 0; path = RockPaperScissors.app; sourceTree = BUILT_PRODUCTS_DIR; };
		041B21D91B6BD4AA00C35FAC /* Info.plist */ = {isa = PBXFileReference; lastKnownFileType = text.plist.xml; path = Info.plist; sourceTree = "<group>"; };
		041B21DA1B6BD4AA00C35FAC /* AppDelegate.swift */ = {isa = PBXFileReference; lastKnownFileType = sourcecode.swift; path = AppDelegate.swift; sourceTree = "<group>"; };
		041B21DC1B6BD4AA00C35FAC /* StartViewController.swift */ = {isa = PBXFileReference; lastKnownFileType = sourcecode.swift; path = StartViewController.swift; sourceTree = "<group>"; };
		041B21DF1B6BD4AA00C35FAC /* Base */ = {isa = PBXFileReference; lastKnownFileType = file.storyboard; name = Base; path = Base.lproj/Main.storyboard; sourceTree = "<group>"; };
		041B21E11B6BD4AA00C35FAC /* Images.xcassets */ = {isa = PBXFileReference; lastKnownFileType = folder.assetcatalog; path = Images.xcassets; sourceTree = "<group>"; };
		041B21E41B6BD4AA00C35FAC /* Base */ = {isa = PBXFileReference; lastKnownFileType = file.xib; name = Base; path = Base.lproj/LaunchScreen.xib; sourceTree = "<group>"; };
		041B21EA1B6BD4AA00C35FAC /* RockPaperScissorsTests.xctest */ = {isa = PBXFileReference; explicitFileType = wrapper.cfbundle; includeInIndex = 0; path = RockPaperScissorsTests.xctest; sourceTree = BUILT_PRODUCTS_DIR; };
		041B21EF1B6BD4AA00C35FAC /* Info.plist */ = {isa = PBXFileReference; lastKnownFileType = text.plist.xml; path = Info.plist; sourceTree = "<group>"; };
		041B21F01B6BD4AA00C35FAC /* RockPaperScissorsTests.swift */ = {isa = PBXFileReference; lastKnownFileType = sourcecode.swift; path = RockPaperScissorsTests.swift; sourceTree = "<group>"; };
		041B21FA1B6DA84200C35FAC /* ResultsViewController.swift */ = {isa = PBXFileReference; fileEncoding = 4; lastKnownFileType = sourcecode.swift; path = ResultsViewController.swift; sourceTree = "<group>"; };
		04FB8B921B77F3A8002D9A7C /* ResultsListViewController.swift */ = {isa = PBXFileReference; fileEncoding = 4; lastKnownFileType = sourcecode.swift; path = ResultsListViewController.swift; sourceTree = "<group>"; };
		04FB8B941B77F593002D9A7C /* ResultsTableViewCell.swift */ = {isa = PBXFileReference; fileEncoding = 4; lastKnownFileType = sourcecode.swift; path = ResultsTableViewCell.swift; sourceTree = "<group>"; };
/* End PBXFileReference section */

/* Begin PBXFrameworksBuildPhase section */
		041B21D21B6BD4AA00C35FAC /* Frameworks */ = {
			isa = PBXFrameworksBuildPhase;
			buildActionMask = 2147483647;
			files = (
			);
			runOnlyForDeploymentPostprocessing = 0;
		};
		041B21E71B6BD4AA00C35FAC /* Frameworks */ = {
			isa = PBXFrameworksBuildPhase;
			buildActionMask = 2147483647;
			files = (
			);
			runOnlyForDeploymentPostprocessing = 0;
		};
/* End PBXFrameworksBuildPhase section */

/* Begin PBXGroup section */
		041B21CC1B6BD4AA00C35FAC = {
			isa = PBXGroup;
			children = (
				041B21D71B6BD4AA00C35FAC /* RockPaperScissors */,
				041B21ED1B6BD4AA00C35FAC /* RockPaperScissorsTests */,
				041B21D61B6BD4AA00C35FAC /* Products */,
			);
			sourceTree = "<group>";
		};
		041B21D61B6BD4AA00C35FAC /* Products */ = {
			isa = PBXGroup;
			children = (
				041B21D51B6BD4AA00C35FAC /* RockPaperScissors.app */,
				041B21EA1B6BD4AA00C35FAC /* RockPaperScissorsTests.xctest */,
			);
			name = Products;
			sourceTree = "<group>";
		};
		041B21D71B6BD4AA00C35FAC /* RockPaperScissors */ = {
			isa = PBXGroup;
			children = (
				041B21DA1B6BD4AA00C35FAC /* AppDelegate.swift */,
				041B21DC1B6BD4AA00C35FAC /* StartViewController.swift */,
				041B21FA1B6DA84200C35FAC /* ResultsViewController.swift */,
				04FB8B921B77F3A8002D9A7C /* ResultsListViewController.swift */,
				04FB8B941B77F593002D9A7C /* ResultsTableViewCell.swift */,
				041B21DE1B6BD4AA00C35FAC /* Main.storyboard */,
				041B21E11B6BD4AA00C35FAC /* Images.xcassets */,
				041B21E31B6BD4AA00C35FAC /* LaunchScreen.xib */,
				041B21D81B6BD4AA00C35FAC /* Supporting Files */,
			);
			path = RockPaperScissors;
			sourceTree = "<group>";
		};
		041B21D81B6BD4AA00C35FAC /* Supporting Files */ = {
			isa = PBXGroup;
			children = (
				041B21D91B6BD4AA00C35FAC /* Info.plist */,
			);
			name = "Supporting Files";
			sourceTree = "<group>";
		};
		041B21ED1B6BD4AA00C35FAC /* RockPaperScissorsTests */ = {
			isa = PBXGroup;
			children = (
				041B21F01B6BD4AA00C35FAC /* RockPaperScissorsTests.swift */,
				041B21EE1B6BD4AA00C35FAC /* Supporting Files */,
			);
			path = RockPaperScissorsTests;
			sourceTree = "<group>";
		};
		041B21EE1B6BD4AA00C35FAC /* Supporting Files */ = {
			isa = PBXGroup;
			children = (
				041B21EF1B6BD4AA00C35FAC /* Info.plist */,
			);
			name = "Supporting Files";
			sourceTree = "<group>";
		};
/* End PBXGroup section */

/* Begin PBXNativeTarget section */
		041B21D41B6BD4AA00C35FAC /* RockPaperScissors */ = {
			isa = PBXNativeTarget;
			buildConfigurationList = 041B21F41B6BD4AA00C35FAC /* Build configuration list for PBXNativeTarget "RockPaperScissors" */;
			buildPhases = (
				041B21D11B6BD4AA00C35FAC /* Sources */,
				041B21D21B6BD4AA00C35FAC /* Frameworks */,
				041B21D31B6BD4AA00C35FAC /* Resources */,
			);
			buildRules = (
			);
			dependencies = (
			);
			name = RockPaperScissors;
			productName = RockPaperScissors;
			productReference = 041B21D51B6BD4AA00C35FAC /* RockPaperScissors.app */;
			productType = "com.apple.product-type.application";
		};
		041B21E91B6BD4AA00C35FAC /* RockPaperScissorsTests */ = {
			isa = PBXNativeTarget;
			buildConfigurationList = 041B21F71B6BD4AA00C35FAC /* Build configuration list for PBXNativeTarget "RockPaperScissorsTests" */;
			buildPhases = (
				041B21E61B6BD4AA00C35FAC /* Sources */,
				041B21E71B6BD4AA00C35FAC /* Frameworks */,
				041B21E81B6BD4AA00C35FAC /* Resources */,
			);
			buildRules = (
			);
			dependencies = (
				041B21EC1B6BD4AA00C35FAC /* PBXTargetDependency */,
			);
			name = RockPaperScissorsTests;
			productName = RockPaperScissorsTests;
			productReference = 041B21EA1B6BD4AA00C35FAC /* RockPaperScissorsTests.xctest */;
			productType = "com.apple.product-type.bundle.unit-test";
		};
/* End PBXNativeTarget section */

/* Begin PBXProject section */
		041B21CD1B6BD4AA00C35FAC /* Project object */ = {
			isa = PBXProject;
			attributes = {
				LastUpgradeCheck = 0640;
				ORGANIZATIONNAME = "Rainien.com, LLC";
				TargetAttributes = {
					041B21D41B6BD4AA00C35FAC = {
						CreatedOnToolsVersion = 6.4;
					};
					041B21E91B6BD4AA00C35FAC = {
						CreatedOnToolsVersion = 6.4;
						TestTargetID = 041B21D41B6BD4AA00C35FAC;
					};
				};
			};
			buildConfigurationList = 041B21D01B6BD4AA00C35FAC /* Build configuration list for PBXProject "RockPaperScissors" */;
			compatibilityVersion = "Xcode 3.2";
			developmentRegion = English;
			hasScannedForEncodings = 0;
			knownRegions = (
				en,
				Base,
			);
			mainGroup = 041B21CC1B6BD4AA00C35FAC;
			productRefGroup = 041B21D61B6BD4AA00C35FAC /* Products */;
			projectDirPath = "";
			projectRoot = "";
			targets = (
				041B21D41B6BD4AA00C35FAC /* RockPaperScissors */,
				041B21E91B6BD4AA00C35FAC /* RockPaperScissorsTests */,
			);
		};
/* End PBXProject section */

/* Begin PBXResourcesBuildPhase section */
		041B21D31B6BD4AA00C35FAC /* Resources */ = {
			isa = PBXResourcesBuildPhase;
			buildActionMask = 2147483647;
			files = (
				041B21E01B6BD4AA00C35FAC /* Main.storyboard in Resources */,
				041B21E51B6BD4AA00C35FAC /* LaunchScreen.xib in Resources */,
				041B21E21B6BD4AA00C35FAC /* Images.xcassets in Resources */,
			);
			runOnlyForDeploymentPostprocessing = 0;
		};
		041B21E81B6BD4AA00C35FAC /* Resources */ = {
			isa = PBXResourcesBuildPhase;
			buildActionMask = 2147483647;
			files = (
			);
			runOnlyForDeploymentPostprocessing = 0;
		};
/* End PBXResourcesBuildPhase section */

/* Begin PBXSourcesBuildPhase section */
		041B21D11B6BD4AA00C35FAC /* Sources */ = {
			isa = PBXSourcesBuildPhase;
			buildActionMask = 2147483647;
			files = (
				041B21DD1B6BD4AA00C35FAC /* StartViewController.swift in Sources */,
				041B21DB1B6BD4AA00C35FAC /* AppDelegate.swift in Sources */,
				041B21FB1B6DA84200C35FAC /* ResultsViewController.swift in Sources */,
				04FB8B931B77F3A8002D9A7C /* ResultsListViewController.swift in Sources */,
				04FB8B951B77F593002D9A7C /* ResultsTableViewCell.swift in Sources */,
			);
			runOnlyForDeploymentPostprocessing = 0;
		};
		041B21E61B6BD4AA00C35FAC /* Sources */ = {
			isa = PBXSourcesBuildPhase;
			buildActionMask = 2147483647;
			files = (
				041B21F11B6BD4AA00C35FAC /* RockPaperScissorsTests.swift in Sources */,
			);
			runOnlyForDeploymentPostprocessing = 0;
		};
/* End PBXSourcesBuildPhase section */

/* Begin PBXTargetDependency section */
		041B21EC1B6BD4AA00C35FAC /* PBXTargetDependency */ = {
			isa = PBXTargetDependency;
			target = 041B21D41B6BD4AA00C35FAC /* RockPaperScissors */;
			targetProxy = 041B21EB1B6BD4AA00C35FAC /* PBXContainerItemProxy */;
		};
/* End PBXTargetDependency section */

/* Begin PBXVariantGroup section */
		041B21DE1B6BD4AA00C35FAC /* Main.storyboard */ = {
			isa = PBXVariantGroup;
			children = (
				041B21DF1B6BD4AA00C35FAC /* Base */,
			);
			name = Main.storyboard;
			sourceTree = "<group>";
		};
		041B21E31B6BD4AA00C35FAC /* LaunchScreen.xib */ = {
			isa = PBXVariantGroup;
			children = (
				041B21E41B6BD4AA00C35FAC /* Base */,
			);
			name = LaunchScreen.xib;
			sourceTree = "<group>";
		};
/* End PBXVariantGroup section */

/* Begin XCBuildConfiguration section */
		041B21F21B6BD4AA00C35FAC /* Debug */ = {
			isa = XCBuildConfiguration;
			buildSettings = {
				ALWAYS_SEARCH_USER_PATHS = NO;
				CLANG_CXX_LANGUAGE_STANDARD = "gnu++0x";
				CLANG_CXX_LIBRARY = "libc++";
				CLANG_ENABLE_MODULES = YES;
				CLANG_ENABLE_OBJC_ARC = YES;
				CLANG_WARN_BOOL_CONVERSION = YES;
				CLANG_WARN_CONSTANT_CONVERSION = YES;
				CLANG_WARN_DIRECT_OBJC_ISA_USAGE = YES_ERROR;
				CLANG_WARN_EMPTY_BODY = YES;
				CLANG_WARN_ENUM_CONVERSION = YES;
				CLANG_WARN_INT_CONVERSION = YES;
				CLANG_WARN_OBJC_ROOT_CLASS = YES_ERROR;
				CLANG_WARN_UNREACHABLE_CODE = YES;
				CLANG_WARN__DUPLICATE_METHOD_MATCH = YES;
				"CODE_SIGN_IDENTITY[sdk=iphoneos*]" = "iPhone Developer";
				COPY_PHASE_STRIP = NO;
				DEBUG_INFORMATION_FORMAT = "dwarf-with-dsym";
				ENABLE_STRICT_OBJC_MSGSEND = YES;
				GCC_C_LANGUAGE_STANDARD = gnu99;
				GCC_DYNAMIC_NO_PIC = NO;
				GCC_NO_COMMON_BLOCKS = YES;
				GCC_OPTIMIZATION_LEVEL = 0;
				GCC_PREPROCESSOR_DEFINITIONS = (
					"DEBUG=1",
					"$(inherited)",
				);
				GCC_SYMBOLS_PRIVATE_EXTERN = NO;
				GCC_WARN_64_TO_32_BIT_CONVERSION = YES;
				GCC_WARN_ABOUT_RETURN_TYPE = YES_ERROR;
				GCC_WARN_UNDECLARED_SELECTOR = YES;
				GCC_WARN_UNINITIALIZED_AUTOS = YES_AGGRESSIVE;
				GCC_WARN_UNUSED_FUNCTION = YES;
				GCC_WARN_UNUSED_VARIABLE = YES;
				IPHONEOS_DEPLOYMENT_TARGET = 8.4;
				MTL_ENABLE_DEBUG_INFO = YES;
				ONLY_ACTIVE_ARCH = YES;
				SDKROOT = iphoneos;
				SWIFT_OPTIMIZATION_LEVEL = "-Onone";
				TARGETED_DEVICE_FAMILY = "1,2";
			};
			name = Debug;
		};
		041B21F31B6BD4AA00C35FAC /* Release */ = {
			isa = XCBuildConfiguration;
			buildSettings = {
				ALWAYS_SEARCH_USER_PATHS = NO;
				CLANG_CXX_LANGUAGE_STANDARD = "gnu++0x";
				CLANG_CXX_LIBRARY = "libc++";
				CLANG_ENABLE_MODULES = YES;
				CLANG_ENABLE_OBJC_ARC = YES;
				CLANG_WARN_BOOL_CONVERSION = YES;
				CLANG_WARN_CONSTANT_CONVERSION = YES;
				CLANG_WARN_DIRECT_OBJC_ISA_USAGE = YES_ERROR;
				CLANG_WARN_EMPTY_BODY = YES;
				CLANG_WARN_ENUM_CONVERSION = YES;
				CLANG_WARN_INT_CONVERSION = YES;
				CLANG_WARN_OBJC_ROOT_CLASS = YES_ERROR;
				CLANG_WARN_UNREACHABLE_CODE = YES;
				CLANG_WARN__DUPLICATE_METHOD_MATCH = YES;
				"CODE_SIGN_IDENTITY[sdk=iphoneos*]" = "iPhone Developer";
				COPY_PHASE_STRIP = NO;
				DEBUG_INFORMATION_FORMAT = "dwarf-with-dsym";
				ENABLE_NS_ASSERTIONS = NO;
				ENABLE_STRICT_OBJC_MSGSEND = YES;
				GCC_C_LANGUAGE_STANDARD = gnu99;
				GCC_NO_COMMON_BLOCKS = YES;
				GCC_WARN_64_TO_32_BIT_CONVERSION = YES;
				GCC_WARN_ABOUT_RETURN_TYPE = YES_ERROR;
				GCC_WARN_UNDECLARED_SELECTOR = YES;
				GCC_WARN_UNINITIALIZED_AUTOS = YES_AGGRESSIVE;
				GCC_WARN_UNUSED_FUNCTION = YES;
				GCC_WARN_UNUSED_VARIABLE = YES;
				IPHONEOS_DEPLOYMENT_TARGET = 8.4;
				MTL_ENABLE_DEBUG_INFO = NO;
				SDKROOT = iphoneos;
				TARGETED_DEVICE_FAMILY = "1,2";
				VALIDATE_PRODUCT = YES;
			};
			name = Release;
		};
		041B21F51B6BD4AA00C35FAC /* Debug */ = {
			isa = XCBuildConfiguration;
			buildSettings = {
				ASSETCATALOG_COMPILER_APPICON_NAME = AppIcon;
				INFOPLIST_FILE = RockPaperScissors/Info.plist;
				LD_RUNPATH_SEARCH_PATHS = "$(inherited) @executable_path/Frameworks";
				PRODUCT_NAME = "$(TARGET_NAME)";
			};
			name = Debug;
		};
		041B21F61B6BD4AA00C35FAC /* Release */ = {
			isa = XCBuildConfiguration;
			buildSettings = {
				ASSETCATALOG_COMPILER_APPICON_NAME = AppIcon;
				INFOPLIST_FILE = RockPaperScissors/Info.plist;
				LD_RUNPATH_SEARCH_PATHS = "$(inherited) @executable_path/Frameworks";
				PRODUCT_NAME = "$(TARGET_NAME)";
			};
			name = Release;
		};
		041B21F81B6BD4AA00C35FAC /* Debug */ = {
			isa = XCBuildConfiguration;
			buildSettings = {
				BUNDLE_LOADER = "$(TEST_HOST)";
				FRAMEWORK_SEARCH_PATHS = (
					"$(SDKROOT)/Developer/Library/Frameworks",
					"$(inherited)",
				);
				GCC_PREPROCESSOR_DEFINITIONS = (
					"DEBUG=1",
					"$(inherited)",
				);
				INFOPLIST_FILE = RockPaperScissorsTests/Info.plist;
				LD_RUNPATH_SEARCH_PATHS = "$(inherited) @executable_path/Frameworks @loader_path/Frameworks";
				PRODUCT_NAME = "$(TARGET_NAME)";
				TEST_HOST = "$(BUILT_PRODUCTS_DIR)/RockPaperScissors.app/RockPaperScissors";
			};
			name = Debug;
		};
		041B21F91B6BD4AA00C35FAC /* Release */ = {
			isa = XCBuildConfiguration;
			buildSettings = {
				BUNDLE_LOADER = "$(TEST_HOST)";
				FRAMEWORK_SEARCH_PATHS = (
					"$(SDKROOT)/Developer/Library/Frameworks",
					"$(inherited)",
				);
				INFOPLIST_FILE = RockPaperScissorsTests/Info.plist;
				LD_RUNPATH_SEARCH_PATHS = "$(inherited) @executable_path/Frameworks @loader_path/Frameworks";
				PRODUCT_NAME = "$(TARGET_NAME)";
				TEST_HOST = "$(BUILT_PRODUCTS_DIR)/RockPaperScissors.app/RockPaperScissors";
			};
			name = Release;
		};
/* End XCBuildConfiguration section */

/* Begin XCConfigurationList section */
		041B21D01B6BD4AA00C35FAC /* Build configuration list for PBXProject "RockPaperScissors" */ = {
			isa = XCConfigurationList;
			buildConfigurations = (
				041B21F21B6BD4AA00C35FAC /* Debug */,
				041B21F31B6BD4AA00C35FAC /* Release */,
			);
			defaultConfigurationIsVisible = 0;
			defaultConfigurationName = Release;
		};
		041B21F41B6BD4AA00C35FAC /* Build configuration list for PBXNativeTarget "RockPaperScissors" */ = {
			isa = XCConfigurationList;
			buildConfigurations = (
				041B21F51B6BD4AA00C35FAC /* Debug */,
				041B21F61B6BD4AA00C35FAC /* Release */,
			);
			defaultConfigurationIsVisible = 0;
			defaultConfigurationName = Release;
		};
		041B21F71B6BD4AA00C35FAC /* Build configuration list for PBXNativeTarget "RockPaperScissorsTests" */ = {
			isa = XCConfigurationList;
			buildConfigurations = (
				041B21F81B6BD4AA00C35FAC /* Debug */,
				041B21F91B6BD4AA00C35FAC /* Release */,
			);
			defaultConfigurationIsVisible = 0;
			defaultConfigurationName = Release;
		};
/* End XCConfigurationList section */
	};
	rootObject = 041B21CD1B6BD4AA00C35FAC /* Project object */;
}
